
Microsoft Visual Studio Solution File, Format Version 12.00
# Visual Studio 2012
Project("{8BC9CEB8-8B4A-11D0-8D11-00A0C91BC942}") = "Buffer code", "Buffer code\Buffer code.vcxproj", "{9C838E2E-A147-4078-A714-D4A9EE6FE121}"
EndProject
Global
	GlobalSection(SolutionConfigurationPlatforms) = preSolution
		Debug|Win32 = Debug|Win32
		Release|Win32 = Release|Win32
	EndGlobalSection
	GlobalSection(ProjectConfigurationPlatforms) = postSolution
		{9C838E2E-A147-4078-A714-D4A9EE6FE121}.Debug|Win32.ActiveCfg = Debug|Win32
		{9C838E2E-A147-4078-A714-D4A9EE6FE121}.Debug|Win32.Build.0 = Debug|Win32
		{9C838E2E-A147-4078-A714-D4A9EE6FE121}.Release|Win32.ActiveCfg = Release|Win32
		{9C838E2E-A147-4078-A714-D4A9EE6FE121}.Release|Win32.Build.0 = Release|Win32
	EndGlobalSection
	GlobalSection(SolutionProperties) = preSolution
		HideSolutionNode = FALSE
	EndGlobalSection
EndGlobal
